{
  "name": "wonderflow-code-kata",
  "version": "0.0.3",
  "lockfileVersion": 2,
  "requires": true,
  "packages": {
    "": {
      "name": "wonderflow-code-kata",
      "version": "0.0.3",
      "devDependencies": {
        "bun-types": "latest"
      }
    },
    "node_modules/bun-types": {
      "version": "0.1.4",
      "resolved": "https://registry.npmjs.org/bun-types/-/bun-types-0.1.4.tgz",
      "integrity": "sha512-8nyx22INhlPT+R/1MebbAK7TX48aLQdrLTEmce3oTlne5GunoxMEtCiHOku90XKeHbxxbMkkPI2TX1m0pvlLaw==",
      "dev": true
    }
  },
  "dependencies": {
    "bun-types": {
      "version": "0.1.4",
      "resolved": "https://registry.npmjs.org/bun-types/-/bun-types-0.1.4.tgz",
      "integrity": "sha512-8nyx22INhlPT+R/1MebbAK7TX48aLQdrLTEmce3oTlne5GunoxMEtCiHOku90XKeHbxxbMkkPI2TX1m0pvlLaw==",
      "dev": true
    }
  }
}
